
Microsoft Visual Studio Solution File, Format Version 12.00
# Visual Studio Version 17
VisualStudioVersion = 17.14.36518.9
MinimumVisualStudioVersion = 10.0.40219.1
Project("{FAE04EC0-301F-11D3-BF4B-00C04F79EFBC}") = "OrdersApi", "OrdersApi.csproj", "{3B3C70FC-69E6-4573-8C2C-374AC026F5A7}"
EndProject
Project("{FAE04EC0-301F-11D3-BF4B-00C04F79EFBC}") = "OrdersApi.Tests", "..\OrdersApi.Tests\OrdersApi.Tests.csproj", "{45AD5947-8913-4678-8751-13D1FE4496DD}"
EndProject
Global
	GlobalSection(SolutionConfigurationPlatforms) = preSolution
		Debug|Any CPU = Debug|Any CPU
		Release|Any CPU = Release|Any CPU
	EndGlobalSection
	GlobalSection(ProjectConfigurationPlatforms) = postSolution
		{3B3C70FC-69E6-4573-8C2C-374AC026F5A7}.Debug|Any CPU.ActiveCfg = Debug|Any CPU
		{3B3C70FC-69E6-4573-8C2C-374AC026F5A7}.Debug|Any CPU.Build.0 = Debug|Any CPU
		{3B3C70FC-69E6-4573-8C2C-374AC026F5A7}.Release|Any CPU.ActiveCfg = Release|Any CPU
		{3B3C70FC-69E6-4573-8C2C-374AC026F5A7}.Release|Any CPU.Build.0 = Release|Any CPU
		{45AD5947-8913-4678-8751-13D1FE4496DD}.Debug|Any CPU.ActiveCfg = Debug|Any CPU
		{45AD5947-8913-4678-8751-13D1FE4496DD}.Debug|Any CPU.Build.0 = Debug|Any CPU
		{45AD5947-8913-4678-8751-13D1FE4496DD}.Release|Any CPU.ActiveCfg = Release|Any CPU
		{45AD5947-8913-4678-8751-13D1FE4496DD}.Release|Any CPU.Build.0 = Release|Any CPU
	EndGlobalSection
	GlobalSection(SolutionProperties) = preSolution
		HideSolutionNode = FALSE
	EndGlobalSection
	GlobalSection(ExtensibilityGlobals) = postSolution
		SolutionGuid = {06F0326F-8165-4583-8FC0-64DE4819B1CA}
	EndGlobalSection
EndGlobal
